{
  "lockfileVersion": 1,
  "configVersion": 1,
  "workspaces": {
    "": {
      "dependencies": {
        "@cliffy/command": "npm:@jsr/cliffy__command",
        "@sigma/deno-compat": "npm:@jsr/sigma__deno-compat@0.21.0",
        "@std/assert": "npm:@jsr/std__assert@1.0.18",
        "@std/cli": "npm:@jsr/std__cli",
      },
    },
  },
  "packages": {
    "@cliffy/command": ["@jsr/cliffy__command@1.0.0", "https://npm.jsr.io/~/11/@jsr/cliffy__command/1.0.0.tgz", { "dependencies": { "@jsr/cliffy__flags": "1.0.0", "@jsr/cliffy__internal": "1.0.0", "@jsr/cliffy__table": "1.0.0", "@jsr/std__fmt": "^1.0.9", "@jsr/std__semver": "^1.0.8", "@jsr/std__text": "^1.0.17" } }, "sha512-oObplVtu1tvpkhgpuPDHZidx9g3axVOfRMQGmw7ZSGxp0+vZIJGiEtpcSvlN0XfuEhOG8neqfVBSSE9txrKanw=="],

    "@jsr/cliffy__flags": ["@jsr/cliffy__flags@1.0.0", "https://npm.jsr.io/~/11/@jsr/cliffy__flags/1.0.0.tgz", { "dependencies": { "@jsr/cliffy__internal": "1.0.0", "@jsr/std__text": "^1.0.17" } }, "sha512-j/v3J8MWu0tkYyisZ2w1HxELxxL/qg6vey9+fRkbTJ+S9J0GeLUn2joouikG7aXpULKCXHTjJ9XH9gQx+F3npw=="],

    "@jsr/cliffy__internal": ["@jsr/cliffy__internal@1.0.0", "https://npm.jsr.io/~/11/@jsr/cliffy__internal/1.0.0.tgz", { "dependencies": { "@jsr/std__fmt": "^1.0.9" } }, "sha512-YPkbccbuu+kE55k+nia5jJx5Tu/IolBDXZTAgEA+YRGOzq8I1VkXajwykFXvSbXeVee3zQBU7y0HajVDB7ujQA=="],

    "@jsr/cliffy__table": ["@jsr/cliffy__table@1.0.0", "https://npm.jsr.io/~/11/@jsr/cliffy__table/1.0.0.tgz", { "dependencies": { "@jsr/std__fmt": "^1.0.9" } }, "sha512-VoLxH0DjofHWPWKUc5N+oCwXB6O6e+carnhp23yJTa7qokBb+SCrTIABEgQdIe/p0bxgmZhz17xt2efaAxXvbQ=="],

    "@jsr/std__fmt": ["@jsr/std__fmt@1.0.9", "https://npm.jsr.io/~/11/@jsr/std__fmt/1.0.9.tgz", {}, "sha512-YFJJMozmORj2K91c5J9opWeh0VUwrd+Mwb7Pr0FkVCAKVLu2UhT4LyvJqWiyUT+eF+MdfqQ9F7RtQj4bXn9Smw=="],

    "@jsr/std__internal": ["@jsr/std__internal@1.0.12", "https://npm.jsr.io/~/11/@jsr/std__internal/1.0.12.tgz", {}, "sha512-6xReMW9p+paJgqoFRpOE2nogJFvzPfaLHLIlyADYjKMUcwDyjKZxryIbgcU+gxiTygn8yCjld1HoI0ET4/iZeA=="],

    "@jsr/std__regexp": ["@jsr/std__regexp@1.0.1", "https://npm.jsr.io/~/11/@jsr/std__regexp/1.0.1.tgz", {}, "sha512-AnGeP//DHpPvhCWjI5dR4o013JhCQioD8yMF8drD7PWb0X4kvmO35hbZi+NZhfSolz4Ts2cpPzJY+DUpi2XE9A=="],

    "@jsr/std__semver": ["@jsr/std__semver@1.0.8", "https://npm.jsr.io/~/11/@jsr/std__semver/1.0.8.tgz", {}, "sha512-YhkykPU2Majz66e+rQbP0okYc7kKv+U32aguLPCXZZAL+vEVmBA+khHjPHhLBpWR073gzU3WHqGRgB7a/aXCjg=="],

    "@jsr/std__text": ["@jsr/std__text@1.0.17", "https://npm.jsr.io/~/11/@jsr/std__text/1.0.17.tgz", { "dependencies": { "@jsr/std__regexp": "^1.0.1" } }, "sha512-oZsihl1bcTy1Ixzven8rin8kjChj1zDJWqgpS0oSMGCJDzyB365gtIfAvcMmji+M+FcIWo3goDXfHcFYt+k/kg=="],

    "@sigma/deno-compat": ["@jsr/sigma__deno-compat@0.21.0", "https://npm.jsr.io/~/11/@jsr/sigma__deno-compat/0.21.0.tgz", {}, "sha512-90UWJwAC2L78W+5pjElE4j3Log70jipckaQQhv9S+qmjdIncKSoe/eVDOloxBnYROMBs177YmYFjPjiMe+yBaw=="],

    "@std/assert": ["@jsr/std__assert@1.0.18", "https://npm.jsr.io/~/11/@jsr/std__assert/1.0.18.tgz", { "dependencies": { "@jsr/std__internal": "^1.0.12" } }, "sha512-oxE6Go+SQJcAc8UVtocaAkKOO39QyyYrb2cwLy7PojoHOrWnCyMe5E3ItmVWjiqOjCceHofwTSmnXxcU8GTSFw=="],

    "@std/cli": ["@jsr/std__cli@1.0.27", "https://npm.jsr.io/~/11/@jsr/std__cli/1.0.27.tgz", { "dependencies": { "@jsr/std__fmt": "^1.0.9", "@jsr/std__internal": "^1.0.12" } }, "sha512-aaY6VYkdv0qmAIiaYNfBH9Pd3Te5bJsEUQmNg/ak43AorET5+pBcI9RgqCgBXfkb2tBnLUlTBklQvirMz/CnAQ=="],
  }
}
